
Microsoft Visual Studio Solution File, Format Version 12.00
# Visual Studio Version 16
VisualStudioVersion = 16.0.30517.126
MinimumVisualStudioVersion = 10.0.40219.1
Project("{FAE04EC0-301F-11D3-BF4B-00C04F79EFBC}") = "HelloWorld", "HelloWorld\HelloWorld.csproj", "{2641F58E-CA70-4D7A-BB45-E731E13F93BA}"
EndProject
Global
	GlobalSection(SolutionConfigurationPlatforms) = preSolution
		Debug|Any CPU = Debug|Any CPU
		Release|Any CPU = Release|Any CPU
	EndGlobalSection
	GlobalSection(ProjectConfigurationPlatforms) = postSolution
		{2641F58E-CA70-4D7A-BB45-E731E13F93BA}.Debug|Any CPU.ActiveCfg = Debug|Any CPU
		{2641F58E-CA70-4D7A-BB45-E731E13F93BA}.Debug|Any CPU.Build.0 = Debug|Any CPU
		{2641F58E-CA70-4D7A-BB45-E731E13F93BA}.Release|Any CPU.ActiveCfg = Release|Any CPU
		{2641F58E-CA70-4D7A-BB45-E731E13F93BA}.Release|Any CPU.Build.0 = Release|Any CPU
	EndGlobalSection
	GlobalSection(SolutionProperties) = preSolution
		HideSolutionNode = FALSE
	EndGlobalSection
	GlobalSection(ExtensibilityGlobals) = postSolution
		SolutionGuid = {842AC48B-9979-473C-8635-29006DB13A7A}
	EndGlobalSection
EndGlobal
